
Microsoft Visual Studio Solution File, Format Version 12.00
# Visual Studio Version 17
VisualStudioVersion = 17.1.32228.430
MinimumVisualStudioVersion = 10.0.40219.1
Project("{8BC9CEB8-8B4A-11D0-8D11-00A0C91BC942}") = "CAU_MIPS_Simulater", "CAU_MIPS_Simulater\CAU_MIPS_Simulater.vcxproj", "{93EEF915-2931-4AE1-94DA-72B8683806B3}"
EndProject
Global
	GlobalSection(SolutionConfigurationPlatforms) = preSolution
		Debug|x64 = Debug|x64
		Debug|x86 = Debug|x86
		Release|x64 = Release|x64
		Release|x86 = Release|x86
	EndGlobalSection
	GlobalSection(ProjectConfigurationPlatforms) = postSolution
		{93EEF915-2931-4AE1-94DA-72B8683806B3}.Debug|x64.ActiveCfg = Debug|x64
		{93EEF915-2931-4AE1-94DA-72B8683806B3}.Debug|x64.Build.0 = Debug|x64
		{93EEF915-2931-4AE1-94DA-72B8683806B3}.Debug|x86.ActiveCfg = Debug|Win32
		{93EEF915-2931-4AE1-94DA-72B8683806B3}.Debug|x86.Build.0 = Debug|Win32
		{93EEF915-2931-4AE1-94DA-72B8683806B3}.Release|x64.ActiveCfg = Release|x64
		{93EEF915-2931-4AE1-94DA-72B8683806B3}.Release|x64.Build.0 = Release|x64
		{93EEF915-2931-4AE1-94DA-72B8683806B3}.Release|x86.ActiveCfg = Release|Win32
		{93EEF915-2931-4AE1-94DA-72B8683806B3}.Release|x86.Build.0 = Release|Win32
	EndGlobalSection
	GlobalSection(SolutionProperties) = preSolution
		HideSolutionNode = FALSE
	EndGlobalSection
	GlobalSection(ExtensibilityGlobals) = postSolution
		SolutionGuid = {C2AE530E-0537-478E-B03E-9767F11B62C7}
	EndGlobalSection
EndGlobal
